
Microsoft Visual Studio Solution File, Format Version 12.00
# Visual Studio Version 17
VisualStudioVersion = 17.0.32002.185
MinimumVisualStudioVersion = 10.0.40219.1
Project("{FAE04EC0-301F-11D3-BF4B-00C04F79EFBC}") = "GabariApplication", "GabariApplication\GabariApplication.csproj", "{9F5A83B2-2884-4034-8F6C-FDD2D1BC9272}"
EndProject
Global
	GlobalSection(SolutionConfigurationPlatforms) = preSolution
		Debug|Any CPU = Debug|Any CPU
		Release|Any CPU = Release|Any CPU
	EndGlobalSection
	GlobalSection(ProjectConfigurationPlatforms) = postSolution
		{9F5A83B2-2884-4034-8F6C-FDD2D1BC9272}.Debug|Any CPU.ActiveCfg = Debug|Any CPU
		{9F5A83B2-2884-4034-8F6C-FDD2D1BC9272}.Debug|Any CPU.Build.0 = Debug|Any CPU
		{9F5A83B2-2884-4034-8F6C-FDD2D1BC9272}.Release|Any CPU.ActiveCfg = Release|Any CPU
		{9F5A83B2-2884-4034-8F6C-FDD2D1BC9272}.Release|Any CPU.Build.0 = Release|Any CPU
	EndGlobalSection
	GlobalSection(SolutionProperties) = preSolution
		HideSolutionNode = FALSE
	EndGlobalSection
	GlobalSection(ExtensibilityGlobals) = postSolution
		SolutionGuid = {6DF09CB9-D2E5-42C4-A4FF-CB8F99F07480}
	EndGlobalSection
EndGlobal
